
Microsoft Visual Studio Solution File, Format Version 12.00
# Visual Studio Version 17
VisualStudioVersion = 17.6.33815.320
MinimumVisualStudioVersion = 10.0.40219.1
Project("{FAE04EC0-301F-11D3-BF4B-00C04F79EFBC}") = "Figure", "Figure\Figure.csproj", "{4913571C-59DB-4F57-A239-B7D29B6436A7}"
EndProject
Global
	GlobalSection(SolutionConfigurationPlatforms) = preSolution
		Debug|Any CPU = Debug|Any CPU
		Release|Any CPU = Release|Any CPU
	EndGlobalSection
	GlobalSection(ProjectConfigurationPlatforms) = postSolution
		{4913571C-59DB-4F57-A239-B7D29B6436A7}.Debug|Any CPU.ActiveCfg = Debug|Any CPU
		{4913571C-59DB-4F57-A239-B7D29B6436A7}.Debug|Any CPU.Build.0 = Debug|Any CPU
		{4913571C-59DB-4F57-A239-B7D29B6436A7}.Release|Any CPU.ActiveCfg = Release|Any CPU
		{4913571C-59DB-4F57-A239-B7D29B6436A7}.Release|Any CPU.Build.0 = Release|Any CPU
	EndGlobalSection
	GlobalSection(SolutionProperties) = preSolution
		HideSolutionNode = FALSE
	EndGlobalSection
	GlobalSection(ExtensibilityGlobals) = postSolution
		SolutionGuid = {CEE4291C-2069-47F2-9295-5049BB48DF1A}
	EndGlobalSection
EndGlobal
